version = 1
requires-python = ">=3.10"
resolution-markers = [
    "python_full_version < '3.11'",
    "python_full_version == '3.11.*'",
    "python_full_version >= '3.12'",
]

[[package]]
name = "duckdb"
version = "1.3.2"
source = { registry = "https://pypi.org/simple" }
sdist = { url = "https://files.pythonhosted.org/packages/47/24/a2e7fb78fba577641c286fe33185789ab1e1569ccdf4d142e005995991d2/duckdb-1.3.2.tar.gz", hash = "sha256:c658df8a1bc78704f702ad0d954d82a1edd4518d7a04f00027ec53e40f591ff5", size = 11627775 }
wheels = [
    { url = "https://files.pythonhosted.org/packages/6a/a0/13f45e67565800826ce0af12a0ab68fe9502dcac0e39bc03bf8a8cba61da/duckdb-1.3.2-cp310-cp310-macosx_12_0_arm64.whl", hash = "sha256:14676651b86f827ea10bf965eec698b18e3519fdc6266d4ca849f5af7a8c315e", size = 15518888 },
    { url = "https://files.pythonhosted.org/packages/ec/28/daf9c01b5cb4058fc80070c74284c52f11581c888db2b0e73ca48f9bae23/duckdb-1.3.2-cp310-cp310-macosx_12_0_universal2.whl", hash = "sha256:e584f25892450757919639b148c2410402b17105bd404017a57fa9eec9c98919", size = 32495739 },
    { url = "https://files.pythonhosted.org/packages/77/e0/5b50014d92eb6c879608183f6184186ab2cf324dd33e432174af93d19a44/duckdb-1.3.2-cp310-cp310-macosx_12_0_x86_64.whl", hash = "sha256:84a19f185ee0c5bc66d95908c6be19103e184b743e594e005dee6f84118dc22c", size = 17088139 },
    { url = "https://files.pythonhosted.org/packages/a2/ff/291d74f8b4c988b2a7ee5f65d3073fe0cf4c6a4505aa1a6f28721bb2ebe2/duckdb-1.3.2-cp310-cp310-manylinux_2_27_aarch64.manylinux_2_28_aarch64.whl", hash = "sha256:186fc3f98943e97f88a1e501d5720b11214695571f2c74745d6e300b18bef80e", size = 19157693 },
    { url = "https://files.pythonhosted.org/packages/65/50/9a1289619447d93a8c63b08f6ab22e1e6ce73a681e0dceb0cd0ea7558613/duckdb-1.3.2-cp310-cp310-manylinux_2_27_x86_64.manylinux_2_28_x86_64.whl", hash = "sha256:6b7e6bb613b73745f03bff4bb412f362d4a1e158bdcb3946f61fd18e9e1a8ddf", size = 21090480 },
    { url = "https://files.pythonhosted.org/packages/e0/d1/8dc959e3ca16c4c32ab34e28ceea189edc9bf32523aaa976080fd2101835/duckdb-1.3.2-cp310-cp310-musllinux_1_2_x86_64.whl", hash = "sha256:1c90646b52a0eccda1f76b10ac98b502deb9017569e84073da00a2ab97763578", size = 22742078 },
    { url = "https://files.pythonhosted.org/packages/7b/e8/126767fe5acbe01230f7431d999a2c2ef028ffdaebda8fe32ddb57628815/duckdb-1.3.2-cp310-cp310-win_amd64.whl", hash = "sha256:4cdffb1e60defbfa75407b7f2ccc322f535fd462976940731dfd1644146f90c6", size = 11387096 },
    { url = "https://files.pythonhosted.org/packages/38/16/4cde40c37dd1f48d2f9ffa63027e8b668391c5cc32cbb59f7ca8b1cec6e2/duckdb-1.3.2-cp311-cp311-macosx_12_0_arm64.whl", hash = "sha256:e1872cf63aae28c3f1dc2e19b5e23940339fc39fb3425a06196c5d00a8d01040", size = 15520798 },
    { url = "https://files.pythonhosted.org/packages/22/ca/9ca65db51868604007114a27cc7d44864d89328ad6a934668626618147ff/duckdb-1.3.2-cp311-cp311-macosx_12_0_universal2.whl", hash = "sha256:db256c206056468ae6a9e931776bdf7debaffc58e19a0ff4fa9e7e1e82d38b3b", size = 32502242 },
    { url = "https://files.pythonhosted.org/packages/9e/ca/7f7cf01dd7731d358632fb516521f2962070a627558fb6fc3137e594bbaa/duckdb-1.3.2-cp311-cp311-macosx_12_0_x86_64.whl", hash = "sha256:1d57df2149d6e4e0bd5198689316c5e2ceec7f6ac0a9ec11bc2b216502a57b34", size = 17091841 },
    { url = "https://files.pythonhosted.org/packages/4c/7f/38e518b8f51299410dcad9f1e99f1c99f3592516581467a2da344d3b5951/duckdb-1.3.2-cp311-cp311-manylinux_2_27_aarch64.manylinux_2_28_aarch64.whl", hash = "sha256:54f76c8b1e2a19dfe194027894209ce9ddb073fd9db69af729a524d2860e4680", size = 19158775 },
    { url = "https://files.pythonhosted.org/packages/90/a3/41f3d42fddd9629846aac328eb295170e76782d8dfc5e58b3584b96fa296/duckdb-1.3.2-cp311-cp311-manylinux_2_27_x86_64.manylinux_2_28_x86_64.whl", hash = "sha256:45bea70b3e93c6bf766ce2f80fc3876efa94c4ee4de72036417a7bd1e32142fe", size = 21093951 },
    { url = "https://files.pythonhosted.org/packages/11/8e/c5444b6890ae7f00836fd0cd17799abbcc3066bbab32e90b04aa8a8a5087/duckdb-1.3.2-cp311-cp311-musllinux_1_2_x86_64.whl", hash = "sha256:003f7d36f0d8a430cb0e00521f18b7d5ee49ec98aaa541914c6d0e008c306f1a", size = 22743891 },
    { url = "https://files.pythonhosted.org/packages/87/a1/e240bd07671542ddf2084962e68a7d5c9b068d8da3f938e935af69441355/duckdb-1.3.2-cp311-cp311-win_amd64.whl", hash = "sha256:0eb210cedf08b067fa90c666339688f1c874844a54708562282bc54b0189aac6", size = 11387047 },
    { url = "https://files.pythonhosted.org/packages/6c/5d/77f15528857c2b186ebec07778dc199ccc04aafb69fb7b15227af4f19ac9/duckdb-1.3.2-cp312-cp312-macosx_12_0_arm64.whl", hash = "sha256:2455b1ffef4e3d3c7ef8b806977c0e3973c10ec85aa28f08c993ab7f2598e8dd", size = 15538413 },
    { url = "https://files.pythonhosted.org/packages/78/67/7e4964f688b846676c813a4acc527cd3454be8a9cafa10f3a9aa78d0d165/duckdb-1.3.2-cp312-cp312-macosx_12_0_universal2.whl", hash = "sha256:9d0ae509713da3461c000af27496d5413f839d26111d2a609242d9d17b37d464", size = 32535307 },
    { url = "https://files.pythonhosted.org/packages/95/3d/2d7f8078194130dbf30b5ae154ce454bfc208c91aa5f3e802531a3e09bca/duckdb-1.3.2-cp312-cp312-macosx_12_0_x86_64.whl", hash = "sha256:72ca6143d23c0bf6426396400f01fcbe4785ad9ceec771bd9a4acc5b5ef9a075", size = 17110219 },
    { url = "https://files.pythonhosted.org/packages/cd/05/36ff9000b9c6d2a68c1b248f133ee316fcac10c0ff817112cbf5214dbe91/duckdb-1.3.2-cp312-cp312-manylinux_2_27_aarch64.manylinux_2_28_aarch64.whl", hash = "sha256:b49a11afba36b98436db83770df10faa03ebded06514cb9b180b513d8be7f392", size = 19178569 },
    { url = "https://files.pythonhosted.org/packages/ac/73/f85acbb3ac319a86abbf6b46103d58594d73529123377219980f11b388e9/duckdb-1.3.2-cp312-cp312-manylinux_2_27_x86_64.manylinux_2_28_x86_64.whl", hash = "sha256:36abdfe0d1704fe09b08d233165f312dad7d7d0ecaaca5fb3bb869f4838a2d0b", size = 21129975 },
    { url = "https://files.pythonhosted.org/packages/32/40/9aa3267f3631ae06b30fb1045a48628f4dba7beb2efb485c0282b4a73367/duckdb-1.3.2-cp312-cp312-musllinux_1_2_x86_64.whl", hash = "sha256:3380aae1c4f2af3f37b0bf223fabd62077dd0493c84ef441e69b45167188e7b6", size = 22781859 },
    { url = "https://files.pythonhosted.org/packages/8c/8d/47bf95f6999b327cf4da677e150cfce802abf9057b61a93a1f91e89d748c/duckdb-1.3.2-cp312-cp312-win_amd64.whl", hash = "sha256:11af73963ae174aafd90ea45fb0317f1b2e28a7f1d9902819d47c67cc957d49c", size = 11395337 },
    { url = "https://files.pythonhosted.org/packages/f5/f0/8cac9713735864899e8abc4065bbdb3d1617f2130006d508a80e1b1a6c53/duckdb-1.3.2-cp313-cp313-macosx_12_0_arm64.whl", hash = "sha256:a3418c973b06ac4e97f178f803e032c30c9a9f56a3e3b43a866f33223dfbf60b", size = 15535350 },
    { url = "https://files.pythonhosted.org/packages/c5/26/6698bbb30b7bce8b8b17697599f1517611c61e4bd68b37eaeaf4f5ddd915/duckdb-1.3.2-cp313-cp313-macosx_12_0_universal2.whl", hash = "sha256:2a741eae2cf110fd2223eeebe4151e22c0c02803e1cfac6880dbe8a39fecab6a", size = 32534715 },
    { url = "https://files.pythonhosted.org/packages/10/75/8ab4da3099a2fac7335ecebce4246706d19bdd5dad167aa436b5b27c43c4/duckdb-1.3.2-cp313-cp313-macosx_12_0_x86_64.whl", hash = "sha256:51e62541341ea1a9e31f0f1ade2496a39b742caf513bebd52396f42ddd6525a0", size = 17110300 },
    { url = "https://files.pythonhosted.org/packages/d1/46/af81b10d4a66a0f27c248df296d1b41ff2a305a235ed8488f93240f6f8b5/duckdb-1.3.2-cp313-cp313-manylinux_2_27_aarch64.manylinux_2_28_aarch64.whl", hash = "sha256:b3e519de5640e5671f1731b3ae6b496e0ed7e4de4a1c25c7a2f34c991ab64d71", size = 19180082 },
    { url = "https://files.pythonhosted.org/packages/68/fc/259a54fc22111a847981927aa58528d766e8b228c6d41deb0ad8a1959f9f/duckdb-1.3.2-cp313-cp313-manylinux_2_27_x86_64.manylinux_2_28_x86_64.whl", hash = "sha256:4732fb8cc60566b60e7e53b8c19972cb5ed12d285147a3063b16cc64a79f6d9f", size = 21128404 },
    { url = "https://files.pythonhosted.org/packages/ab/dc/5d5140383e40661173dacdceaddee2a97c3f6721a5e8d76e08258110595e/duckdb-1.3.2-cp313-cp313-musllinux_1_2_x86_64.whl", hash = "sha256:97f7a22dcaa1cca889d12c3dc43a999468375cdb6f6fe56edf840e062d4a8293", size = 22779786 },
    { url = "https://files.pythonhosted.org/packages/51/c9/2fcd86ab7530a5b6caff42dbe516ce7a86277e12c499d1c1f5acd266ffb2/duckdb-1.3.2-cp313-cp313-win_amd64.whl", hash = "sha256:cd3d717bf9c49ef4b1016c2216517572258fa645c2923e91c5234053defa3fb5", size = 11395370 },
]

[[package]]
name = "lionsfin"
version = "0.1.0"
source = { virtual = "." }
dependencies = [
    { name = "duckdb" },
    { name = "pandas" },
]

[package.dev-dependencies]
dev = [
    { name = "ruff" },
]

[package.metadata]
requires-dist = [
    { name = "duckdb", specifier = ">=1.3.2" },
    { name = "pandas", specifier = ">=2.3.1" },
]

[package.metadata.requires-dev]
dev = [{ name = "ruff", specifier = ">=0.12.2" }]

[[package]]
name = "numpy"
version = "2.2.6"
source = { registry = "https://pypi.org/simple" }
sdist = { url = "https://files.pythonhosted.org/packages/76/21/7d2a95e4bba9dc13d043ee156a356c0a8f0c6309dff6b21b4d71a073b8a8/numpy-2.2.6.tar.gz", hash = "sha256:e29554e2bef54a90aa5cc07da6ce955accb83f21ab5de01a62c8478897b264fd", size = 20276440 }
wheels = [
    { url = "https://files.pythonhosted.org/packages/9a/3e/ed6db5be21ce87955c0cbd3009f2803f59fa08df21b5df06862e2d8e2bdd/numpy-2.2.6-cp310-cp310-macosx_10_9_x86_64.whl", hash = "sha256:b412caa66f72040e6d268491a59f2c43bf03eb6c96dd8f0307829feb7fa2b6fb", size = 21165245 },
    { url = "https://files.pythonhosted.org/packages/22/c2/4b9221495b2a132cc9d2eb862e21d42a009f5a60e45fc44b00118c174bff/numpy-2.2.6-cp310-cp310-macosx_11_0_arm64.whl", hash = "sha256:8e41fd67c52b86603a91c1a505ebaef50b3314de0213461c7a6e99c9a3beff90", size = 14360048 },
    { url = "https://files.pythonhosted.org/packages/fd/77/dc2fcfc66943c6410e2bf598062f5959372735ffda175b39906d54f02349/numpy-2.2.6-cp310-cp310-macosx_14_0_arm64.whl", hash = "sha256:37e990a01ae6ec7fe7fa1c26c55ecb672dd98b19c3d0e1d1f326fa13cb38d163", size = 5340542 },
    { url = "https://files.pythonhosted.org/packages/7a/4f/1cb5fdc353a5f5cc7feb692db9b8ec2c3d6405453f982435efc52561df58/numpy-2.2.6-cp310-cp310-macosx_14_0_x86_64.whl", hash = "sha256:5a6429d4be8ca66d889b7cf70f536a397dc45ba6faeb5f8c5427935d9592e9cf", size = 6878301 },
    { url = "https://files.pythonhosted.org/packages/eb/17/96a3acd228cec142fcb8723bd3cc39c2a474f7dcf0a5d16731980bcafa95/numpy-2.2.6-cp310-cp310-manylinux_2_17_aarch64.manylinux2014_aarch64.whl", hash = "sha256:efd28d4e9cd7d7a8d39074a4d44c63eda73401580c5c76acda2ce969e0a38e83", size = 14297320 },
    { url = "https://files.pythonhosted.org/packages/b4/63/3de6a34ad7ad6646ac7d2f55ebc6ad439dbbf9c4370017c50cf403fb19b5/numpy-2.2.6-cp310-cp310-manylinux_2_17_x86_64.manylinux2014_x86_64.whl", hash = "sha256:fc7b73d02efb0e18c000e9ad8b83480dfcd5dfd11065997ed4c6747470ae8915", size = 16801050 },
    { url = "https://files.pythonhosted.org/packages/07/b6/89d837eddef52b3d0cec5c6ba0456c1bf1b9ef6a6672fc2b7873c3ec4e2e/numpy-2.2.6-cp310-cp310-musllinux_1_2_aarch64.whl", hash = "sha256:74d4531beb257d2c3f4b261bfb0fc09e0f9ebb8842d82a7b4209415896adc680", size = 15807034 },
    { url = "https://files.pythonhosted.org/packages/01/c8/dc6ae86e3c61cfec1f178e5c9f7858584049b6093f843bca541f94120920/numpy-2.2.6-cp310-cp310-musllinux_1_2_x86_64.whl", hash = "sha256:8fc377d995680230e83241d8a96def29f204b5782f371c532579b4f20607a289", size = 18614185 },
    { url = "https://files.pythonhosted.org/packages/5b/c5/0064b1b7e7c89137b471ccec1fd2282fceaae0ab3a9550f2568782d80357/numpy-2.2.6-cp310-cp310-win32.whl", hash = "sha256:b093dd74e50a8cba3e873868d9e93a85b78e0daf2e98c6797566ad8044e8363d", size = 6527149 },
    { url = "https://files.pythonhosted.org/packages/a3/dd/4b822569d6b96c39d1215dbae0582fd99954dcbcf0c1a13c61783feaca3f/numpy-2.2.6-cp310-cp310-win_amd64.whl", hash = "sha256:f0fd6321b839904e15c46e0d257fdd101dd7f530fe03fd6359c1ea63738703f3", size = 12904620 },
    { url = "https://files.pythonhosted.org/packages/da/a8/4f83e2aa666a9fbf56d6118faaaf5f1974d456b1823fda0a176eff722839/numpy-2.2.6-cp311-cp311-macosx_10_9_x86_64.whl", hash = "sha256:f9f1adb22318e121c5c69a09142811a201ef17ab257a1e66ca3025065b7f53ae", size = 21176963 },
    { url = "https://files.pythonhosted.org/packages/b3/2b/64e1affc7972decb74c9e29e5649fac940514910960ba25cd9af4488b66c/numpy-2.2.6-cp311-cp311-macosx_11_0_arm64.whl", hash = "sha256:c820a93b0255bc360f53eca31a0e676fd1101f673dda8da93454a12e23fc5f7a", size = 14406743 },
    { url = "https://files.pythonhosted.org/packages/4a/9f/0121e375000b5e50ffdd8b25bf78d8e1a5aa4cca3f185d41265198c7b834/numpy-2.2.6-cp311-cp311-macosx_14_0_arm64.whl", hash = "sha256:3d70692235e759f260c3d837193090014aebdf026dfd167834bcba43e30c2a42", size = 5352616 },
    { url = "https://files.pythonhosted.org/packages/31/0d/b48c405c91693635fbe2dcd7bc84a33a602add5f63286e024d3b6741411c/numpy-2.2.6-cp311-cp311-macosx_14_0_x86_64.whl", hash = "sha256:481b49095335f8eed42e39e8041327c05b0f6f4780488f61286ed3c01368d491", size = 6889579 },
    { url = "https://files.pythonhosted.org/packages/52/b8/7f0554d49b565d0171eab6e99001846882000883998e7b7d9f0d98b1f934/numpy-2.2.6-cp311-cp311-manylinux_2_17_aarch64.manylinux2014_aarch64.whl", hash = "sha256:b64d8d4d17135e00c8e346e0a738deb17e754230d7e0810ac5012750bbd85a5a", size = 14312005 },
    { url = "https://files.pythonhosted.org/packages/b3/dd/2238b898e51bd6d389b7389ffb20d7f4c10066d80351187ec8e303a5a475/numpy-2.2.6-cp311-cp311-manylinux_2_17_x86_64.manylinux2014_x86_64.whl", hash = "sha256:ba10f8411898fc418a521833e014a77d3ca01c15b0c6cdcce6a0d2897e6dbbdf", size = 16821570 },
    { url = "https://files.pythonhosted.org/packages/83/6c/44d0325722cf644f191042bf47eedad61c1e6df2432ed65cbe28509d404e/numpy-2.2.6-cp311-cp311-musllinux_1_2_aarch64.whl", hash = "sha256:bd48227a919f1bafbdda0583705e547892342c26fb127219d60a5c36882609d1", size = 15818548 },
    { url = "https://files.pythonhosted.org/packages/ae/9d/81e8216030ce66be25279098789b665d49ff19eef08bfa8cb96d4957f422/numpy-2.2.6-cp311-cp311-musllinux_1_2_x86_64.whl", hash = "sha256:9551a499bf125c1d4f9e250377c1ee2eddd02e01eac6644c080162c0c51778ab", size = 18620521 },
    { url = "https://files.pythonhosted.org/packages/6a/fd/e19617b9530b031db51b0926eed5345ce8ddc669bb3bc0044b23e275ebe8/numpy-2.2.6-cp311-cp311-win32.whl", hash = "sha256:0678000bb9ac1475cd454c6b8c799206af8107e310843532b04d49649c717a47", size = 6525866 },
    { url = "https://files.pythonhosted.org/packages/31/0a/f354fb7176b81747d870f7991dc763e157a934c717b67b58456bc63da3df/numpy-2.2.6-cp311-cp311-win_amd64.whl", hash = "sha256:e8213002e427c69c45a52bbd94163084025f533a55a59d6f9c5b820774ef3303", size = 12907455 },
    { url = "https://files.pythonhosted.org/packages/82/5d/c00588b6cf18e1da539b45d3598d3557084990dcc4331960c15ee776ee41/numpy-2.2.6-cp312-cp312-macosx_10_13_x86_64.whl", hash = "sha256:41c5a21f4a04fa86436124d388f6ed60a9343a6f767fced1a8a71c3fbca038ff", size = 20875348 },
    { url = "https://files.pythonhosted.org/packages/66/ee/560deadcdde6c2f90200450d5938f63a34b37e27ebff162810f716f6a230/numpy-2.2.6-cp312-cp312-macosx_11_0_arm64.whl", hash = "sha256:de749064336d37e340f640b05f24e9e3dd678c57318c7289d222a8a2f543e90c", size = 14119362 },
    { url = "https://files.pythonhosted.org/packages/3c/65/4baa99f1c53b30adf0acd9a5519078871ddde8d2339dc5a7fde80d9d87da/numpy-2.2.6-cp312-cp312-macosx_14_0_arm64.whl", hash = "sha256:894b3a42502226a1cac872f840030665f33326fc3dac8e57c607905773cdcde3", size = 5084103 },
    { url = "https://files.pythonhosted.org/packages/cc/89/e5a34c071a0570cc40c9a54eb472d113eea6d002e9ae12bb3a8407fb912e/numpy-2.2.6-cp312-cp312-macosx_14_0_x86_64.whl", hash = "sha256:71594f7c51a18e728451bb50cc60a3ce4e6538822731b2933209a1f3614e9282", size = 6625382 },
    { url = "https://files.pythonhosted.org/packages/f8/35/8c80729f1ff76b3921d5c9487c7ac3de9b2a103b1cd05e905b3090513510/numpy-2.2.6-cp312-cp312-manylinux_2_17_aarch64.manylinux2014_aarch64.whl", hash = "sha256:f2618db89be1b4e05f7a1a847a9c1c0abd63e63a1607d892dd54668dd92faf87", size = 14018462 },
    { url = "https://files.pythonhosted.org/packages/8c/3d/1e1db36cfd41f895d266b103df00ca5b3cbe965184df824dec5c08c6b803/numpy-2.2.6-cp312-cp312-manylinux_2_17_x86_64.manylinux2014_x86_64.whl", hash = "sha256:fd83c01228a688733f1ded5201c678f0c53ecc1006ffbc404db9f7a899ac6249", size = 16527618 },
    { url = "https://files.pythonhosted.org/packages/61/c6/03ed30992602c85aa3cd95b9070a514f8b3c33e31124694438d88809ae36/numpy-2.2.6-cp312-cp312-musllinux_1_2_aarch64.whl", hash = "sha256:37c0ca431f82cd5fa716eca9506aefcabc247fb27ba69c5062a6d3ade8cf8f49", size = 15505511 },
    { url = "https://files.pythonhosted.org/packages/b7/25/5761d832a81df431e260719ec45de696414266613c9ee268394dd5ad8236/numpy-2.2.6-cp312-cp312-musllinux_1_2_x86_64.whl", hash = "sha256:fe27749d33bb772c80dcd84ae7e8df2adc920ae8297400dabec45f0dedb3f6de", size = 18313783 },
    { url = "https://files.pythonhosted.org/packages/57/0a/72d5a3527c5ebffcd47bde9162c39fae1f90138c961e5296491ce778e682/numpy-2.2.6-cp312-cp312-win32.whl", hash = "sha256:4eeaae00d789f66c7a25ac5f34b71a7035bb474e679f410e5e1a94deb24cf2d4", size = 6246506 },
    { url = "https://files.pythonhosted.org/packages/36/fa/8c9210162ca1b88529ab76b41ba02d433fd54fecaf6feb70ef9f124683f1/numpy-2.2.6-cp312-cp312-win_amd64.whl", hash = "sha256:c1f9540be57940698ed329904db803cf7a402f3fc200bfe599334c9bd84a40b2", size = 12614190 },
    { url = "https://files.pythonhosted.org/packages/f9/5c/6657823f4f594f72b5471f1db1ab12e26e890bb2e41897522d134d2a3e81/numpy-2.2.6-cp313-cp313-macosx_10_13_x86_64.whl", hash = "sha256:0811bb762109d9708cca4d0b13c4f67146e3c3b7cf8d34018c722adb2d957c84", size = 20867828 },
    { url = "https://files.pythonhosted.org/packages/dc/9e/14520dc3dadf3c803473bd07e9b2bd1b69bc583cb2497b47000fed2fa92f/numpy-2.2.6-cp313-cp313-macosx_11_0_arm64.whl", hash = "sha256:287cc3162b6f01463ccd86be154f284d0893d2b3ed7292439ea97eafa8170e0b", size = 14143006 },
    { url = "https://files.pythonhosted.org/packages/4f/06/7e96c57d90bebdce9918412087fc22ca9851cceaf5567a45c1f404480e9e/numpy-2.2.6-cp313-cp313-macosx_14_0_arm64.whl", hash = "sha256:f1372f041402e37e5e633e586f62aa53de2eac8d98cbfb822806ce4bbefcb74d", size = 5076765 },
    { url = "https://files.pythonhosted.org/packages/73/ed/63d920c23b4289fdac96ddbdd6132e9427790977d5457cd132f18e76eae0/numpy-2.2.6-cp313-cp313-macosx_14_0_x86_64.whl", hash = "sha256:55a4d33fa519660d69614a9fad433be87e5252f4b03850642f88993f7b2ca566", size = 6617736 },
    { url = "https://files.pythonhosted.org/packages/85/c5/e19c8f99d83fd377ec8c7e0cf627a8049746da54afc24ef0a0cb73d5dfb5/numpy-2.2.6-cp313-cp313-manylinux_2_17_aarch64.manylinux2014_aarch64.whl", hash = "sha256:f92729c95468a2f4f15e9bb94c432a9229d0d50de67304399627a943201baa2f", size = 14010719 },
    { url = "https://files.pythonhosted.org/packages/19/49/4df9123aafa7b539317bf6d342cb6d227e49f7a35b99c287a6109b13dd93/numpy-2.2.6-cp313-cp313-manylinux_2_17_x86_64.manylinux2014_x86_64.whl", hash = "sha256:1bc23a79bfabc5d056d106f9befb8d50c31ced2fbc70eedb8155aec74a45798f", size = 16526072 },
    { url = "https://files.pythonhosted.org/packages/b2/6c/04b5f47f4f32f7c2b0e7260442a8cbcf8168b0e1a41ff1495da42f42a14f/numpy-2.2.6-cp313-cp313-musllinux_1_2_aarch64.whl", hash = "sha256:e3143e4451880bed956e706a3220b4e5cf6172ef05fcc397f6f36a550b1dd868", size = 15503213 },
    { url = "https://files.pythonhosted.org/packages/17/0a/5cd92e352c1307640d5b6fec1b2ffb06cd0dabe7d7b8227f97933d378422/numpy-2.2.6-cp313-cp313-musllinux_1_2_x86_64.whl", hash = "sha256:b4f13750ce79751586ae2eb824ba7e1e8dba64784086c98cdbbcc6a42112ce0d", size = 18316632 },
    { url = "https://files.pythonhosted.org/packages/f0/3b/5cba2b1d88760ef86596ad0f3d484b1cbff7c115ae2429678465057c5155/numpy-2.2.6-cp313-cp313-win32.whl", hash = "sha256:5beb72339d9d4fa36522fc63802f469b13cdbe4fdab4a288f0c441b74272ebfd", size = 6244532 },
    { url = "https://files.pythonhosted.org/packages/cb/3b/d58c12eafcb298d4e6d0d40216866ab15f59e55d148a5658bb3132311fcf/numpy-2.2.6-cp313-cp313-win_amd64.whl", hash = "sha256:b0544343a702fa80c95ad5d3d608ea3599dd54d4632df855e4c8d24eb6ecfa1c", size = 12610885 },
    { url = "https://files.pythonhosted.org/packages/6b/9e/4bf918b818e516322db999ac25d00c75788ddfd2d2ade4fa66f1f38097e1/numpy-2.2.6-cp313-cp313t-macosx_10_13_x86_64.whl", hash = "sha256:0bca768cd85ae743b2affdc762d617eddf3bcf8724435498a1e80132d04879e6", size = 20963467 },
    { url = "https://files.pythonhosted.org/packages/61/66/d2de6b291507517ff2e438e13ff7b1e2cdbdb7cb40b3ed475377aece69f9/numpy-2.2.6-cp313-cp313t-macosx_11_0_arm64.whl", hash = "sha256:fc0c5673685c508a142ca65209b4e79ed6740a4ed6b2267dbba90f34b0b3cfda", size = 14225144 },
    { url = "https://files.pythonhosted.org/packages/e4/25/480387655407ead912e28ba3a820bc69af9adf13bcbe40b299d454ec011f/numpy-2.2.6-cp313-cp313t-macosx_14_0_arm64.whl", hash = "sha256:5bd4fc3ac8926b3819797a7c0e2631eb889b4118a9898c84f585a54d475b7e40", size = 5200217 },
    { url = "https://files.pythonhosted.org/packages/aa/4a/6e313b5108f53dcbf3aca0c0f3e9c92f4c10ce57a0a721851f9785872895/numpy-2.2.6-cp313-cp313t-macosx_14_0_x86_64.whl", hash = "sha256:fee4236c876c4e8369388054d02d0e9bb84821feb1a64dd59e137e6511a551f8", size = 6712014 },
    { url = "https://files.pythonhosted.org/packages/b7/30/172c2d5c4be71fdf476e9de553443cf8e25feddbe185e0bd88b096915bcc/numpy-2.2.6-cp313-cp313t-manylinux_2_17_aarch64.manylinux2014_aarch64.whl", hash = "sha256:e1dda9c7e08dc141e0247a5b8f49cf05984955246a327d4c48bda16821947b2f", size = 14077935 },
    { url = "https://files.pythonhosted.org/packages/12/fb/9e743f8d4e4d3c710902cf87af3512082ae3d43b945d5d16563f26ec251d/numpy-2.2.6-cp313-cp313t-manylinux_2_17_x86_64.manylinux2014_x86_64.whl", hash = "sha256:f447e6acb680fd307f40d3da4852208af94afdfab89cf850986c3ca00562f4fa", size = 16600122 },
    { url = "https://files.pythonhosted.org/packages/12/75/ee20da0e58d3a66f204f38916757e01e33a9737d0b22373b3eb5a27358f9/numpy-2.2.6-cp313-cp313t-musllinux_1_2_aarch64.whl", hash = "sha256:389d771b1623ec92636b0786bc4ae56abafad4a4c513d36a55dce14bd9ce8571", size = 15586143 },
    { url = "https://files.pythonhosted.org/packages/76/95/bef5b37f29fc5e739947e9ce5179ad402875633308504a52d188302319c8/numpy-2.2.6-cp313-cp313t-musllinux_1_2_x86_64.whl", hash = "sha256:8e9ace4a37db23421249ed236fdcdd457d671e25146786dfc96835cd951aa7c1", size = 18385260 },
    { url = "https://files.pythonhosted.org/packages/09/04/f2f83279d287407cf36a7a8053a5abe7be3622a4363337338f2585e4afda/numpy-2.2.6-cp313-cp313t-win32.whl", hash = "sha256:038613e9fb8c72b0a41f025a7e4c3f0b7a1b5d768ece4796b674c8f3fe13efff", size = 6377225 },
    { url = "https://files.pythonhosted.org/packages/67/0e/35082d13c09c02c011cf21570543d202ad929d961c02a147493cb0c2bdf5/numpy-2.2.6-cp313-cp313t-win_amd64.whl", hash = "sha256:6031dd6dfecc0cf9f668681a37648373bddd6421fff6c66ec1624eed0180ee06", size = 12771374 },
    { url = "https://files.pythonhosted.org/packages/9e/3b/d94a75f4dbf1ef5d321523ecac21ef23a3cd2ac8b78ae2aac40873590229/numpy-2.2.6-pp310-pypy310_pp73-macosx_10_15_x86_64.whl", hash = "sha256:0b605b275d7bd0c640cad4e5d30fa701a8d59302e127e5f79138ad62762c3e3d", size = 21040391 },
    { url = "https://files.pythonhosted.org/packages/17/f4/09b2fa1b58f0fb4f7c7963a1649c64c4d315752240377ed74d9cd878f7b5/numpy-2.2.6-pp310-pypy310_pp73-macosx_14_0_x86_64.whl", hash = "sha256:7befc596a7dc9da8a337f79802ee8adb30a552a94f792b9c9d18c840055907db", size = 6786754 },
    { url = "https://files.pythonhosted.org/packages/af/30/feba75f143bdc868a1cc3f44ccfa6c4b9ec522b36458e738cd00f67b573f/numpy-2.2.6-pp310-pypy310_pp73-manylinux_2_17_x86_64.manylinux2014_x86_64.whl", hash = "sha256:ce47521a4754c8f4593837384bd3424880629f718d87c5d44f8ed763edd63543", size = 16643476 },
    { url = "https://files.pythonhosted.org/packages/37/48/ac2a9584402fb6c0cd5b5d1a91dcf176b15760130dd386bbafdbfe3640bf/numpy-2.2.6-pp310-pypy310_pp73-win_amd64.whl", hash = "sha256:d042d24c90c41b54fd506da306759e06e568864df8ec17ccc17e9e884634fd00", size = 12812666 },
]

[[package]]
name = "pandas"
version = "2.3.1"
source = { registry = "https://pypi.org/simple" }
dependencies = [
    { name = "numpy" },
    { name = "python-dateutil" },
    { name = "pytz" },
    { name = "tzdata" },
]
sdist = { url = "https://files.pythonhosted.org/packages/d1/6f/75aa71f8a14267117adeeed5d21b204770189c0a0025acbdc03c337b28fc/pandas-2.3.1.tar.gz", hash = "sha256:0a95b9ac964fe83ce317827f80304d37388ea77616b1425f0ae41c9d2d0d7bb2", size = 4487493 }
wheels = [
    { url = "https://files.pythonhosted.org/packages/c4/ca/aa97b47287221fa37a49634532e520300088e290b20d690b21ce3e448143/pandas-2.3.1-cp310-cp310-macosx_10_9_x86_64.whl", hash = "sha256:22c2e866f7209ebc3a8f08d75766566aae02bcc91d196935a1d9e59c7b990ac9", size = 11542731 },
    { url = "https://files.pythonhosted.org/packages/80/bf/7938dddc5f01e18e573dcfb0f1b8c9357d9b5fa6ffdee6e605b92efbdff2/pandas-2.3.1-cp310-cp310-macosx_11_0_arm64.whl", hash = "sha256:3583d348546201aff730c8c47e49bc159833f971c2899d6097bce68b9112a4f1", size = 10790031 },
    { url = "https://files.pythonhosted.org/packages/ee/2f/9af748366763b2a494fed477f88051dbf06f56053d5c00eba652697e3f94/pandas-2.3.1-cp310-cp310-manylinux_2_17_aarch64.manylinux2014_aarch64.whl", hash = "sha256:0f951fbb702dacd390561e0ea45cdd8ecfa7fb56935eb3dd78e306c19104b9b0", size = 11724083 },
    { url = "https://files.pythonhosted.org/packages/2c/95/79ab37aa4c25d1e7df953dde407bb9c3e4ae47d154bc0dd1692f3a6dcf8c/pandas-2.3.1-cp310-cp310-manylinux_2_17_x86_64.manylinux2014_x86_64.whl", hash = "sha256:cd05b72ec02ebfb993569b4931b2e16fbb4d6ad6ce80224a3ee838387d83a191", size = 12342360 },
    { url = "https://files.pythonhosted.org/packages/75/a7/d65e5d8665c12c3c6ff5edd9709d5836ec9b6f80071b7f4a718c6106e86e/pandas-2.3.1-cp310-cp310-musllinux_1_2_aarch64.whl", hash = "sha256:1b916a627919a247d865aed068eb65eb91a344b13f5b57ab9f610b7716c92de1", size = 13202098 },
    { url = "https://files.pythonhosted.org/packages/65/f3/4c1dbd754dbaa79dbf8b537800cb2fa1a6e534764fef50ab1f7533226c5c/pandas-2.3.1-cp310-cp310-musllinux_1_2_x86_64.whl", hash = "sha256:fe67dc676818c186d5a3d5425250e40f179c2a89145df477dd82945eaea89e97", size = 13837228 },
    { url = "https://files.pythonhosted.org/packages/3f/d6/d7f5777162aa9b48ec3910bca5a58c9b5927cfd9cfde3aa64322f5ba4b9f/pandas-2.3.1-cp310-cp310-win_amd64.whl", hash = "sha256:2eb789ae0274672acbd3c575b0598d213345660120a257b47b5dafdc618aec83", size = 11336561 },
    { url = "https://files.pythonhosted.org/packages/76/1c/ccf70029e927e473a4476c00e0d5b32e623bff27f0402d0a92b7fc29bb9f/pandas-2.3.1-cp311-cp311-macosx_10_9_x86_64.whl", hash = "sha256:2b0540963d83431f5ce8870ea02a7430adca100cec8a050f0811f8e31035541b", size = 11566608 },
    { url = "https://files.pythonhosted.org/packages/ec/d3/3c37cb724d76a841f14b8f5fe57e5e3645207cc67370e4f84717e8bb7657/pandas-2.3.1-cp311-cp311-macosx_11_0_arm64.whl", hash = "sha256:fe7317f578c6a153912bd2292f02e40c1d8f253e93c599e82620c7f69755c74f", size = 10823181 },
    { url = "https://files.pythonhosted.org/packages/8a/4c/367c98854a1251940edf54a4df0826dcacfb987f9068abf3e3064081a382/pandas-2.3.1-cp311-cp311-manylinux_2_17_aarch64.manylinux2014_aarch64.whl", hash = "sha256:e6723a27ad7b244c0c79d8e7007092d7c8f0f11305770e2f4cd778b3ad5f9f85", size = 11793570 },
    { url = "https://files.pythonhosted.org/packages/07/5f/63760ff107bcf5146eee41b38b3985f9055e710a72fdd637b791dea3495c/pandas-2.3.1-cp311-cp311-manylinux_2_17_x86_64.manylinux2014_x86_64.whl", hash = "sha256:3462c3735fe19f2638f2c3a40bd94ec2dc5ba13abbb032dd2fa1f540a075509d", size = 12378887 },
    { url = "https://files.pythonhosted.org/packages/15/53/f31a9b4dfe73fe4711c3a609bd8e60238022f48eacedc257cd13ae9327a7/pandas-2.3.1-cp311-cp311-musllinux_1_2_aarch64.whl", hash = "sha256:98bcc8b5bf7afed22cc753a28bc4d9e26e078e777066bc53fac7904ddef9a678", size = 13230957 },
    { url = "https://files.pythonhosted.org/packages/e0/94/6fce6bf85b5056d065e0a7933cba2616dcb48596f7ba3c6341ec4bcc529d/pandas-2.3.1-cp311-cp311-musllinux_1_2_x86_64.whl", hash = "sha256:4d544806b485ddf29e52d75b1f559142514e60ef58a832f74fb38e48d757b299", size = 13883883 },
    { url = "https://files.pythonhosted.org/packages/c8/7b/bdcb1ed8fccb63d04bdb7635161d0ec26596d92c9d7a6cce964e7876b6c1/pandas-2.3.1-cp311-cp311-win_amd64.whl", hash = "sha256:b3cd4273d3cb3707b6fffd217204c52ed92859533e31dc03b7c5008aa933aaab", size = 11340212 },
    { url = "https://files.pythonhosted.org/packages/46/de/b8445e0f5d217a99fe0eeb2f4988070908979bec3587c0633e5428ab596c/pandas-2.3.1-cp312-cp312-macosx_10_13_x86_64.whl", hash = "sha256:689968e841136f9e542020698ee1c4fbe9caa2ed2213ae2388dc7b81721510d3", size = 11588172 },
    { url = "https://files.pythonhosted.org/packages/1e/e0/801cdb3564e65a5ac041ab99ea6f1d802a6c325bb6e58c79c06a3f1cd010/pandas-2.3.1-cp312-cp312-macosx_11_0_arm64.whl", hash = "sha256:025e92411c16cbe5bb2a4abc99732a6b132f439b8aab23a59fa593eb00704232", size = 10717365 },
    { url = "https://files.pythonhosted.org/packages/51/a5/c76a8311833c24ae61a376dbf360eb1b1c9247a5d9c1e8b356563b31b80c/pandas-2.3.1-cp312-cp312-manylinux_2_17_aarch64.manylinux2014_aarch64.whl", hash = "sha256:9b7ff55f31c4fcb3e316e8f7fa194566b286d6ac430afec0d461163312c5841e", size = 11280411 },
    { url = "https://files.pythonhosted.org/packages/da/01/e383018feba0a1ead6cf5fe8728e5d767fee02f06a3d800e82c489e5daaf/pandas-2.3.1-cp312-cp312-manylinux_2_17_x86_64.manylinux2014_x86_64.whl", hash = "sha256:7dcb79bf373a47d2a40cf7232928eb7540155abbc460925c2c96d2d30b006eb4", size = 11988013 },
    { url = "https://files.pythonhosted.org/packages/5b/14/cec7760d7c9507f11c97d64f29022e12a6cc4fc03ac694535e89f88ad2ec/pandas-2.3.1-cp312-cp312-musllinux_1_2_aarch64.whl", hash = "sha256:56a342b231e8862c96bdb6ab97170e203ce511f4d0429589c8ede1ee8ece48b8", size = 12767210 },
    { url = "https://files.pythonhosted.org/packages/50/b9/6e2d2c6728ed29fb3d4d4d302504fb66f1a543e37eb2e43f352a86365cdf/pandas-2.3.1-cp312-cp312-musllinux_1_2_x86_64.whl", hash = "sha256:ca7ed14832bce68baef331f4d7f294411bed8efd032f8109d690df45e00c4679", size = 13440571 },
    { url = "https://files.pythonhosted.org/packages/80/a5/3a92893e7399a691bad7664d977cb5e7c81cf666c81f89ea76ba2bff483d/pandas-2.3.1-cp312-cp312-win_amd64.whl", hash = "sha256:ac942bfd0aca577bef61f2bc8da8147c4ef6879965ef883d8e8d5d2dc3e744b8", size = 10987601 },
    { url = "https://files.pythonhosted.org/packages/32/ed/ff0a67a2c5505e1854e6715586ac6693dd860fbf52ef9f81edee200266e7/pandas-2.3.1-cp313-cp313-macosx_10_13_x86_64.whl", hash = "sha256:9026bd4a80108fac2239294a15ef9003c4ee191a0f64b90f170b40cfb7cf2d22", size = 11531393 },
    { url = "https://files.pythonhosted.org/packages/c7/db/d8f24a7cc9fb0972adab0cc80b6817e8bef888cfd0024eeb5a21c0bb5c4a/pandas-2.3.1-cp313-cp313-macosx_11_0_arm64.whl", hash = "sha256:6de8547d4fdb12421e2d047a2c446c623ff4c11f47fddb6b9169eb98ffba485a", size = 10668750 },
    { url = "https://files.pythonhosted.org/packages/0f/b0/80f6ec783313f1e2356b28b4fd8d2148c378370045da918c73145e6aab50/pandas-2.3.1-cp313-cp313-manylinux_2_17_aarch64.manylinux2014_aarch64.whl", hash = "sha256:782647ddc63c83133b2506912cc6b108140a38a37292102aaa19c81c83db2928", size = 11342004 },
    { url = "https://files.pythonhosted.org/packages/e9/e2/20a317688435470872885e7fc8f95109ae9683dec7c50be29b56911515a5/pandas-2.3.1-cp313-cp313-manylinux_2_17_x86_64.manylinux2014_x86_64.whl", hash = "sha256:2ba6aff74075311fc88504b1db890187a3cd0f887a5b10f5525f8e2ef55bfdb9", size = 12050869 },
    { url = "https://files.pythonhosted.org/packages/55/79/20d746b0a96c67203a5bee5fb4e00ac49c3e8009a39e1f78de264ecc5729/pandas-2.3.1-cp313-cp313-musllinux_1_2_aarch64.whl", hash = "sha256:e5635178b387bd2ba4ac040f82bc2ef6e6b500483975c4ebacd34bec945fda12", size = 12750218 },
    { url = "https://files.pythonhosted.org/packages/7c/0f/145c8b41e48dbf03dd18fdd7f24f8ba95b8254a97a3379048378f33e7838/pandas-2.3.1-cp313-cp313-musllinux_1_2_x86_64.whl", hash = "sha256:6f3bf5ec947526106399a9e1d26d40ee2b259c66422efdf4de63c848492d91bb", size = 13416763 },
    { url = "https://files.pythonhosted.org/packages/b2/c0/54415af59db5cdd86a3d3bf79863e8cc3fa9ed265f0745254061ac09d5f2/pandas-2.3.1-cp313-cp313-win_amd64.whl", hash = "sha256:1c78cf43c8fde236342a1cb2c34bcff89564a7bfed7e474ed2fffa6aed03a956", size = 10987482 },
    { url = "https://files.pythonhosted.org/packages/48/64/2fd2e400073a1230e13b8cd604c9bc95d9e3b962e5d44088ead2e8f0cfec/pandas-2.3.1-cp313-cp313t-macosx_10_13_x86_64.whl", hash = "sha256:8dfc17328e8da77be3cf9f47509e5637ba8f137148ed0e9b5241e1baf526e20a", size = 12029159 },
    { url = "https://files.pythonhosted.org/packages/d8/0a/d84fd79b0293b7ef88c760d7dca69828d867c89b6d9bc52d6a27e4d87316/pandas-2.3.1-cp313-cp313t-macosx_11_0_arm64.whl", hash = "sha256:ec6c851509364c59a5344458ab935e6451b31b818be467eb24b0fe89bd05b6b9", size = 11393287 },
    { url = "https://files.pythonhosted.org/packages/50/ae/ff885d2b6e88f3c7520bb74ba319268b42f05d7e583b5dded9837da2723f/pandas-2.3.1-cp313-cp313t-manylinux_2_17_aarch64.manylinux2014_aarch64.whl", hash = "sha256:911580460fc4884d9b05254b38a6bfadddfcc6aaef856fb5859e7ca202e45275", size = 11309381 },
    { url = "https://files.pythonhosted.org/packages/85/86/1fa345fc17caf5d7780d2699985c03dbe186c68fee00b526813939062bb0/pandas-2.3.1-cp313-cp313t-manylinux_2_17_x86_64.manylinux2014_x86_64.whl", hash = "sha256:2f4d6feeba91744872a600e6edbbd5b033005b431d5ae8379abee5bcfa479fab", size = 11883998 },
    { url = "https://files.pythonhosted.org/packages/81/aa/e58541a49b5e6310d89474333e994ee57fea97c8aaa8fc7f00b873059bbf/pandas-2.3.1-cp313-cp313t-musllinux_1_2_aarch64.whl", hash = "sha256:fe37e757f462d31a9cd7580236a82f353f5713a80e059a29753cf938c6775d96", size = 12704705 },
    { url = "https://files.pythonhosted.org/packages/d5/f9/07086f5b0f2a19872554abeea7658200824f5835c58a106fa8f2ae96a46c/pandas-2.3.1-cp313-cp313t-musllinux_1_2_x86_64.whl", hash = "sha256:5db9637dbc24b631ff3707269ae4559bce4b7fd75c1c4d7e13f40edc42df4444", size = 13189044 },
]

[[package]]
name = "python-dateutil"
version = "2.9.0.post0"
source = { registry = "https://pypi.org/simple" }
dependencies = [
    { name = "six" },
]
sdist = { url = "https://files.pythonhosted.org/packages/66/c0/0c8b6ad9f17a802ee498c46e004a0eb49bc148f2fd230864601a86dcf6db/python-dateutil-2.9.0.post0.tar.gz", hash = "sha256:37dd54208da7e1cd875388217d5e00ebd4179249f90fb72437e91a35459a0ad3", size = 342432 }
wheels = [
    { url = "https://files.pythonhosted.org/packages/ec/57/56b9bcc3c9c6a792fcbaf139543cee77261f3651ca9da0c93f5c1221264b/python_dateutil-2.9.0.post0-py2.py3-none-any.whl", hash = "sha256:a8b2bc7bffae282281c8140a97d3aa9c14da0b136dfe83f850eea9a5f7470427", size = 229892 },
]

[[package]]
name = "pytz"
version = "2025.2"
source = { registry = "https://pypi.org/simple" }
sdist = { url = "https://files.pythonhosted.org/packages/f8/bf/abbd3cdfb8fbc7fb3d4d38d320f2441b1e7cbe29be4f23797b4a2b5d8aac/pytz-2025.2.tar.gz", hash = "sha256:360b9e3dbb49a209c21ad61809c7fb453643e048b38924c765813546746e81c3", size = 320884 }
wheels = [
    { url = "https://files.pythonhosted.org/packages/81/c4/34e93fe5f5429d7570ec1fa436f1986fb1f00c3e0f43a589fe2bbcd22c3f/pytz-2025.2-py2.py3-none-any.whl", hash = "sha256:5ddf76296dd8c44c26eb8f4b6f35488f3ccbf6fbbd7adee0b7262d43f0ec2f00", size = 509225 },
]

[[package]]
name = "ruff"
version = "0.12.2"
source = { registry = "https://pypi.org/simple" }
sdist = { url = "https://files.pythonhosted.org/packages/6c/3d/d9a195676f25d00dbfcf3cf95fdd4c685c497fcfa7e862a44ac5e4e96480/ruff-0.12.2.tar.gz", hash = "sha256:d7b4f55cd6f325cb7621244f19c873c565a08aff5a4ba9c69aa7355f3f7afd3e", size = 4432239 }
wheels = [
    { url = "https://files.pythonhosted.org/packages/74/b6/2098d0126d2d3318fd5bec3ad40d06c25d377d95749f7a0c5af17129b3b1/ruff-0.12.2-py3-none-linux_armv6l.whl", hash = "sha256:093ea2b221df1d2b8e7ad92fc6ffdca40a2cb10d8564477a987b44fd4008a7be", size = 10369761 },
    { url = "https://files.pythonhosted.org/packages/b1/4b/5da0142033dbe155dc598cfb99262d8ee2449d76920ea92c4eeb9547c208/ruff-0.12.2-py3-none-macosx_10_12_x86_64.whl", hash = "sha256:09e4cf27cc10f96b1708100fa851e0daf21767e9709e1649175355280e0d950e", size = 11155659 },
    { url = "https://files.pythonhosted.org/packages/3e/21/967b82550a503d7c5c5c127d11c935344b35e8c521f52915fc858fb3e473/ruff-0.12.2-py3-none-macosx_11_0_arm64.whl", hash = "sha256:8ae64755b22f4ff85e9c52d1f82644abd0b6b6b6deedceb74bd71f35c24044cc", size = 10537769 },
    { url = "https://files.pythonhosted.org/packages/33/91/00cff7102e2ec71a4890fb7ba1803f2cdb122d82787c7d7cf8041fe8cbc1/ruff-0.12.2-py3-none-manylinux_2_17_aarch64.manylinux2014_aarch64.whl", hash = "sha256:3eb3a6b2db4d6e2c77e682f0b988d4d61aff06860158fdb413118ca133d57922", size = 10717602 },
    { url = "https://files.pythonhosted.org/packages/9b/eb/928814daec4e1ba9115858adcda44a637fb9010618721937491e4e2283b8/ruff-0.12.2-py3-none-manylinux_2_17_armv7l.manylinux2014_armv7l.whl", hash = "sha256:73448de992d05517170fc37169cbca857dfeaeaa8c2b9be494d7bcb0d36c8f4b", size = 10198772 },
    { url = "https://files.pythonhosted.org/packages/50/fa/f15089bc20c40f4f72334f9145dde55ab2b680e51afb3b55422effbf2fb6/ruff-0.12.2-py3-none-manylinux_2_17_i686.manylinux2014_i686.whl", hash = "sha256:3b8b94317cbc2ae4a2771af641739f933934b03555e51515e6e021c64441532d", size = 11845173 },
    { url = "https://files.pythonhosted.org/packages/43/9f/1f6f98f39f2b9302acc161a4a2187b1e3a97634fe918a8e731e591841cf4/ruff-0.12.2-py3-none-manylinux_2_17_ppc64.manylinux2014_ppc64.whl", hash = "sha256:45fc42c3bf1d30d2008023a0a9a0cfb06bf9835b147f11fe0679f21ae86d34b1", size = 12553002 },
    { url = "https://files.pythonhosted.org/packages/d8/70/08991ac46e38ddd231c8f4fd05ef189b1b94be8883e8c0c146a025c20a19/ruff-0.12.2-py3-none-manylinux_2_17_ppc64le.manylinux2014_ppc64le.whl", hash = "sha256:ce48f675c394c37e958bf229fb5c1e843e20945a6d962cf3ea20b7a107dcd9f4", size = 12171330 },
    { url = "https://files.pythonhosted.org/packages/88/a9/5a55266fec474acfd0a1c73285f19dd22461d95a538f29bba02edd07a5d9/ruff-0.12.2-py3-none-manylinux_2_17_s390x.manylinux2014_s390x.whl", hash = "sha256:793d8859445ea47591272021a81391350205a4af65a9392401f418a95dfb75c9", size = 11774717 },
    { url = "https://files.pythonhosted.org/packages/87/e5/0c270e458fc73c46c0d0f7cf970bb14786e5fdb88c87b5e423a4bd65232b/ruff-0.12.2-py3-none-manylinux_2_17_x86_64.manylinux2014_x86_64.whl", hash = "sha256:6932323db80484dda89153da3d8e58164d01d6da86857c79f1961934354992da", size = 11646659 },
    { url = "https://files.pythonhosted.org/packages/b7/b6/45ab96070c9752af37f0be364d849ed70e9ccede07675b0ec4e3ef76b63b/ruff-0.12.2-py3-none-musllinux_1_2_aarch64.whl", hash = "sha256:6aa7e623a3a11538108f61e859ebf016c4f14a7e6e4eba1980190cacb57714ce", size = 10604012 },
    { url = "https://files.pythonhosted.org/packages/86/91/26a6e6a424eb147cc7627eebae095cfa0b4b337a7c1c413c447c9ebb72fd/ruff-0.12.2-py3-none-musllinux_1_2_armv7l.whl", hash = "sha256:2a4a20aeed74671b2def096bdf2eac610c7d8ffcbf4fb0e627c06947a1d7078d", size = 10176799 },
    { url = "https://files.pythonhosted.org/packages/f5/0c/9f344583465a61c8918a7cda604226e77b2c548daf8ef7c2bfccf2b37200/ruff-0.12.2-py3-none-musllinux_1_2_i686.whl", hash = "sha256:71a4c550195612f486c9d1f2b045a600aeba851b298c667807ae933478fcef04", size = 11241507 },
    { url = "https://files.pythonhosted.org/packages/1c/b7/99c34ded8fb5f86c0280278fa89a0066c3760edc326e935ce0b1550d315d/ruff-0.12.2-py3-none-musllinux_1_2_x86_64.whl", hash = "sha256:4987b8f4ceadf597c927beee65a5eaf994c6e2b631df963f86d8ad1bdea99342", size = 11717609 },
    { url = "https://files.pythonhosted.org/packages/51/de/8589fa724590faa057e5a6d171e7f2f6cffe3287406ef40e49c682c07d89/ruff-0.12.2-py3-none-win32.whl", hash = "sha256:369ffb69b70cd55b6c3fc453b9492d98aed98062db9fec828cdfd069555f5f1a", size = 10523823 },
    { url = "https://files.pythonhosted.org/packages/94/47/8abf129102ae4c90cba0c2199a1a9b0fa896f6f806238d6f8c14448cc748/ruff-0.12.2-py3-none-win_amd64.whl", hash = "sha256:dca8a3b6d6dc9810ed8f328d406516bf4d660c00caeaef36eb831cf4871b0639", size = 11629831 },
    { url = "https://files.pythonhosted.org/packages/e2/1f/72d2946e3cc7456bb837e88000eb3437e55f80db339c840c04015a11115d/ruff-0.12.2-py3-none-win_arm64.whl", hash = "sha256:48d6c6bfb4761df68bc05ae630e24f506755e702d4fb08f08460be778c7ccb12", size = 10735334 },
]

[[package]]
name = "six"
version = "1.17.0"
source = { registry = "https://pypi.org/simple" }
sdist = { url = "https://files.pythonhosted.org/packages/94/e7/b2c673351809dca68a0e064b6af791aa332cf192da575fd474ed7d6f16a2/six-1.17.0.tar.gz", hash = "sha256:ff70335d468e7eb6ec65b95b99d3a2836546063f63acc5171de367e834932a81", size = 34031 }
wheels = [
    { url = "https://files.pythonhosted.org/packages/b7/ce/149a00dd41f10bc29e5921b496af8b574d8413afcd5e30dfa0ed46c2cc5e/six-1.17.0-py2.py3-none-any.whl", hash = "sha256:4721f391ed90541fddacab5acf947aa0d3dc7d27b2e1e8eda2be8970586c3274", size = 11050 },
]

[[package]]
name = "tzdata"
version = "2025.2"
source = { registry = "https://pypi.org/simple" }
sdist = { url = "https://files.pythonhosted.org/packages/95/32/1a225d6164441be760d75c2c42e2780dc0873fe382da3e98a2e1e48361e5/tzdata-2025.2.tar.gz", hash = "sha256:b60a638fcc0daffadf82fe0f57e53d06bdec2f36c4df66280ae79bce6bd6f2b9", size = 196380 }
wheels = [
    { url = "https://files.pythonhosted.org/packages/5c/23/c7abc0ca0a1526a0774eca151daeb8de62ec457e77262b66b359c3c7679e/tzdata-2025.2-py2.py3-none-any.whl", hash = "sha256:1a403fada01ff9221ca8044d701868fa132215d84beb92242d9acd2147f667a8", size = 347839 },
]
